{
  "lockfileVersion": 1,
  "workspaces": {
    "": {
      "dependencies": {
        "@fontsource-variable/quicksand": "^5.2.8",
      },
    },
  },
  "packages": {
    "@fontsource-variable/quicksand": ["@fontsource-variable/quicksand@5.2.8", "", {}, "sha512-vCbNpMbsogGxCkKOuDaH+Gxvdu8mMc1jHRyW+LrG4kKC+Dq+ZJgXAuhVKY4zpEFSOLZUeNxwDSEfTfX09N6W3A=="],
  }
}
